
Microsoft Visual Studio Solution File, Format Version 12.00
# Visual Studio Version 16
VisualStudioVersion = 16.0.31515.178
MinimumVisualStudioVersion = 10.0.40219.1
Project("{FAE04EC0-301F-11D3-BF4B-00C04F79EFBC}") = "MvcMovie", "MvcMovie\MvcMovie.csproj", "{278A942A-CD23-4D1B-AE7F-D8577182B782}"
EndProject
Global
	GlobalSection(SolutionConfigurationPlatforms) = preSolution
		Debug|Any CPU = Debug|Any CPU
		Release|Any CPU = Release|Any CPU
	EndGlobalSection
	GlobalSection(ProjectConfigurationPlatforms) = postSolution
		{278A942A-CD23-4D1B-AE7F-D8577182B782}.Debug|Any CPU.ActiveCfg = Debug|Any CPU
		{278A942A-CD23-4D1B-AE7F-D8577182B782}.Debug|Any CPU.Build.0 = Debug|Any CPU
		{278A942A-CD23-4D1B-AE7F-D8577182B782}.Release|Any CPU.ActiveCfg = Release|Any CPU
		{278A942A-CD23-4D1B-AE7F-D8577182B782}.Release|Any CPU.Build.0 = Release|Any CPU
	EndGlobalSection
	GlobalSection(SolutionProperties) = preSolution
		HideSolutionNode = FALSE
	EndGlobalSection
	GlobalSection(ExtensibilityGlobals) = postSolution
		SolutionGuid = {D9B55B55-FA42-4539-8DA2-F46671B98FCF}
	EndGlobalSection
EndGlobal
